
Microsoft Visual Studio Solution File, Format Version 12.00
# Visual Studio Version 16
VisualStudioVersion = 16.0.31205.134
MinimumVisualStudioVersion = 10.0.40219.1
Project("{FAE04EC0-301F-11D3-BF4B-00C04F79EFBC}") = "GasPipelineConstructionProblem", "GasPipelineConstructionProblem\GasPipelineConstructionProblem.csproj", "{1302E689-F527-4B82-BE50-DB1195339F2F}"
EndProject
Project("{FAE04EC0-301F-11D3-BF4B-00C04F79EFBC}") = "GasPipelineConstructionProblem.Tests", "GasPipelineConstructionProblem.Tests\GasPipelineConstructionProblem.Tests.csproj", "{6F59EBF8-0BB1-4183-99E6-DDCFA3DA15A2}"
EndProject
Project("{FAE04EC0-301F-11D3-BF4B-00C04F79EFBC}") = "GasPipelineConstructionProblem.Data", "GasPipelineConstructionProblem.Data\GasPipelineConstructionProblem.Data.csproj", "{6D7EED53-D1D8-4119-AE98-B202A7EDD03E}"
EndProject
Global
	GlobalSection(SolutionConfigurationPlatforms) = preSolution
		Debug|Any CPU = Debug|Any CPU
		Release|Any CPU = Release|Any CPU
	EndGlobalSection
	GlobalSection(ProjectConfigurationPlatforms) = postSolution
		{1302E689-F527-4B82-BE50-DB1195339F2F}.Debug|Any CPU.ActiveCfg = Debug|Any CPU
		{1302E689-F527-4B82-BE50-DB1195339F2F}.Debug|Any CPU.Build.0 = Debug|Any CPU
		{1302E689-F527-4B82-BE50-DB1195339F2F}.Release|Any CPU.ActiveCfg = Release|Any CPU
		{1302E689-F527-4B82-BE50-DB1195339F2F}.Release|Any CPU.Build.0 = Release|Any CPU
		{6F59EBF8-0BB1-4183-99E6-DDCFA3DA15A2}.Debug|Any CPU.ActiveCfg = Debug|Any CPU
		{6F59EBF8-0BB1-4183-99E6-DDCFA3DA15A2}.Debug|Any CPU.Build.0 = Debug|Any CPU
		{6F59EBF8-0BB1-4183-99E6-DDCFA3DA15A2}.Release|Any CPU.ActiveCfg = Release|Any CPU
		{6F59EBF8-0BB1-4183-99E6-DDCFA3DA15A2}.Release|Any CPU.Build.0 = Release|Any CPU
		{6D7EED53-D1D8-4119-AE98-B202A7EDD03E}.Debug|Any CPU.ActiveCfg = Debug|Any CPU
		{6D7EED53-D1D8-4119-AE98-B202A7EDD03E}.Debug|Any CPU.Build.0 = Debug|Any CPU
		{6D7EED53-D1D8-4119-AE98-B202A7EDD03E}.Release|Any CPU.ActiveCfg = Release|Any CPU
		{6D7EED53-D1D8-4119-AE98-B202A7EDD03E}.Release|Any CPU.Build.0 = Release|Any CPU
	EndGlobalSection
	GlobalSection(SolutionProperties) = preSolution
		HideSolutionNode = FALSE
	EndGlobalSection
	GlobalSection(ExtensibilityGlobals) = postSolution
		SolutionGuid = {A0737C71-5736-4688-876B-215898F6FE13}
	EndGlobalSection
EndGlobal
